
Microsoft Visual Studio Solution File, Format Version 12.00
# Visual Studio 2013
VisualStudioVersion = 12.0.30501.0
MinimumVisualStudioVersion = 10.0.40219.1
Project("{F2A71F9B-5D33-465A-A702-920D77279786}") = "Cartoon", "Cartoon\Cartoon.fsproj", "{157D3322-44F0-4227-922E-57BDE3C82AF1}"
EndProject
Project("{F2A71F9B-5D33-465A-A702-920D77279786}") = "Player", "Player\Player.fsproj", "{17D6B647-63F4-4A72-BBB5-FC06EC8875F2}"
EndProject
Project("{F2A71F9B-5D33-465A-A702-920D77279786}") = "HtmlPlayer", "HtmlPlayer\HtmlPlayer.fsproj", "{1D84A8E8-4138-4737-91F5-A39F6C57312B}"
EndProject
Project("{2150E333-8FDC-42A3-9474-1A3956D46DE8}") = ".nuget", ".nuget", "{9CD99EFB-63FB-4385-88B9-27C36D380DEB}"
	ProjectSection(SolutionItems) = preProject
		.nuget\NuGet.Config = .nuget\NuGet.Config
		.nuget\NuGet.exe = .nuget\NuGet.exe
		.nuget\NuGet.targets = .nuget\NuGet.targets
	EndProjectSection
EndProject
Project("{F2A71F9B-5D33-465A-A702-920D77279786}") = "Cartoon.Samples", "Cartoon.Samples\Cartoon.Samples.fsproj", "{6BD099B1-3740-4B8A-99D2-5FDD128475FA}"
EndProject
Global
	GlobalSection(SolutionConfigurationPlatforms) = preSolution
		Debug|Any CPU = Debug|Any CPU
		Release|Any CPU = Release|Any CPU
	EndGlobalSection
	GlobalSection(ProjectConfigurationPlatforms) = postSolution
		{157D3322-44F0-4227-922E-57BDE3C82AF1}.Debug|Any CPU.ActiveCfg = Debug|Any CPU
		{157D3322-44F0-4227-922E-57BDE3C82AF1}.Debug|Any CPU.Build.0 = Debug|Any CPU
		{157D3322-44F0-4227-922E-57BDE3C82AF1}.Release|Any CPU.ActiveCfg = Release|Any CPU
		{157D3322-44F0-4227-922E-57BDE3C82AF1}.Release|Any CPU.Build.0 = Release|Any CPU
		{17D6B647-63F4-4A72-BBB5-FC06EC8875F2}.Debug|Any CPU.ActiveCfg = Debug|Any CPU
		{17D6B647-63F4-4A72-BBB5-FC06EC8875F2}.Debug|Any CPU.Build.0 = Debug|Any CPU
		{17D6B647-63F4-4A72-BBB5-FC06EC8875F2}.Release|Any CPU.ActiveCfg = Release|Any CPU
		{17D6B647-63F4-4A72-BBB5-FC06EC8875F2}.Release|Any CPU.Build.0 = Release|Any CPU
		{1D84A8E8-4138-4737-91F5-A39F6C57312B}.Debug|Any CPU.ActiveCfg = Debug|Any CPU
		{1D84A8E8-4138-4737-91F5-A39F6C57312B}.Debug|Any CPU.Build.0 = Debug|Any CPU
		{1D84A8E8-4138-4737-91F5-A39F6C57312B}.Release|Any CPU.ActiveCfg = Release|Any CPU
		{1D84A8E8-4138-4737-91F5-A39F6C57312B}.Release|Any CPU.Build.0 = Release|Any CPU
		{6BD099B1-3740-4B8A-99D2-5FDD128475FA}.Debug|Any CPU.ActiveCfg = Debug|Any CPU
		{6BD099B1-3740-4B8A-99D2-5FDD128475FA}.Debug|Any CPU.Build.0 = Debug|Any CPU
		{6BD099B1-3740-4B8A-99D2-5FDD128475FA}.Release|Any CPU.ActiveCfg = Release|Any CPU
		{6BD099B1-3740-4B8A-99D2-5FDD128475FA}.Release|Any CPU.Build.0 = Release|Any CPU
	EndGlobalSection
	GlobalSection(SolutionProperties) = preSolution
		HideSolutionNode = FALSE
	EndGlobalSection
EndGlobal
